
Microsoft Visual Studio Solution File, Format Version 12.00
# Visual Studio Version 16
VisualStudioVersion = 16.0.29613.14
MinimumVisualStudioVersion = 10.0.40219.1
Project("{FAE04EC0-301F-11D3-BF4B-00C04F79EFBC}") = "aspnetcore3", "aspnetcore3\aspnetcore3.csproj", "{47C0069B-15CD-4688-9D0E-1EAB9BD7D542}"
EndProject
Project("{FAE04EC0-301F-11D3-BF4B-00C04F79EFBC}") = "tests", "tests\tests.csproj", "{ACF2C3AB-0434-4E0B-8243-432643E46612}"
EndProject
Global
	GlobalSection(SolutionConfigurationPlatforms) = preSolution
		Debug|Any CPU = Debug|Any CPU
		Release|Any CPU = Release|Any CPU
	EndGlobalSection
	GlobalSection(ProjectConfigurationPlatforms) = postSolution
		{47C0069B-15CD-4688-9D0E-1EAB9BD7D542}.Debug|Any CPU.ActiveCfg = Debug|Any CPU
		{47C0069B-15CD-4688-9D0E-1EAB9BD7D542}.Debug|Any CPU.Build.0 = Debug|Any CPU
		{47C0069B-15CD-4688-9D0E-1EAB9BD7D542}.Release|Any CPU.ActiveCfg = Release|Any CPU
		{47C0069B-15CD-4688-9D0E-1EAB9BD7D542}.Release|Any CPU.Build.0 = Release|Any CPU
		{ACF2C3AB-0434-4E0B-8243-432643E46612}.Debug|Any CPU.ActiveCfg = Debug|Any CPU
		{ACF2C3AB-0434-4E0B-8243-432643E46612}.Debug|Any CPU.Build.0 = Debug|Any CPU
		{ACF2C3AB-0434-4E0B-8243-432643E46612}.Release|Any CPU.ActiveCfg = Release|Any CPU
		{ACF2C3AB-0434-4E0B-8243-432643E46612}.Release|Any CPU.Build.0 = Release|Any CPU
	EndGlobalSection
	GlobalSection(SolutionProperties) = preSolution
		HideSolutionNode = FALSE
	EndGlobalSection
	GlobalSection(ExtensibilityGlobals) = postSolution
		SolutionGuid = {0B141C42-6428-40D3-AB9B-0AF8BE1ED6C9}
	EndGlobalSection
EndGlobal
